
Microsoft Visual Studio Solution File, Format Version 12.00
# Visual Studio 2013
VisualStudioVersion = 12.0.30501.0
MinimumVisualStudioVersion = 10.0.40219.1
Project("{FAE04EC0-301F-11D3-BF4B-00C04F79EFBC}") = "Epiphany.Model", "Source\Epiphany.Model\Epiphany.Model.csproj", "{D4EDEDD9-CCD4-43D9-821B-9731C187802E}"
EndProject
Project("{FAE04EC0-301F-11D3-BF4B-00C04F79EFBC}") = "Epiphany.ViewModel", "Source\Epiphany.ViewModel\Epiphany.ViewModel.csproj", "{50F37359-1DEA-47AB-9249-EA864608911C}"
EndProject
Project("{FAE04EC0-301F-11D3-BF4B-00C04F79EFBC}") = "Epiphany.Xml", "Source\Epiphany.Xml\Epiphany.Xml.csproj", "{0CBD2A4B-B8ED-466B-8E12-AD66E984467B}"
EndProject
Project("{2150E333-8FDC-42A3-9474-1A3956D46DE8}") = "Source", "Source", "{956701B8-1F1F-455F-B6F8-287E3C0FDA0F}"
EndProject
Project("{2150E333-8FDC-42A3-9474-1A3956D46DE8}") = "Test", "Test", "{6CE2928B-9007-4727-9156-419D85539F97}"
EndProject
Project("{FAE04EC0-301F-11D3-BF4B-00C04F79EFBC}") = "Epiphany.Model.Tests", "Test\Epiphany.Model.Tests\Epiphany.Model.Tests.csproj", "{CD0BBE77-540B-4921-AF5B-B16216E0D667}"
EndProject
Project("{FAE04EC0-301F-11D3-BF4B-00C04F79EFBC}") = "EpiphanyXmlTests", "Test\Epiphany.Xml.Tests\EpiphanyXmlTests.csproj", "{8FBBCC32-FEFA-4A99-B250-CD95FC02B394}"
EndProject
Project("{2150E333-8FDC-42A3-9474-1A3956D46DE8}") = "Design", "Design", "{5D88BFCF-26B0-4D6D-9DE3-FE4A41794991}"
	ProjectSection(SolutionItems) = preProject
		Design\ApplicationIcon.design = Design\ApplicationIcon.design
		Design\EpiphanyBackground.design = Design\EpiphanyBackground.design
		Design\EpiphanyLogo.design = Design\EpiphanyLogo.design
		Design\EpiphanyLogo1000x800px.design = Design\EpiphanyLogo1000x800px.design
		Design\EpiphanyLogo110px.design = Design\EpiphanyLogo110px.design
		Design\EpiphanyLogo202px.design = Design\EpiphanyLogo202px.design
		Design\EpiphanyLogo300px.design = Design\EpiphanyLogo300px.design
		Design\EpiphanyLogo358px.design = Design\EpiphanyLogo358px.design
		Design\EpiphanyLogo358x173px.design = Design\EpiphanyLogo358x173px.design
	EndProjectSection
EndProject
Project("{2150E333-8FDC-42A3-9474-1A3956D46DE8}") = "Documents", "Documents", "{7AA3DD0B-91E3-448B-A4D7-0E73D0FAA1C1}"
EndProject
Project("{2150E333-8FDC-42A3-9474-1A3956D46DE8}") = "Responses", "Responses", "{B3987A07-F9C2-481A-899F-9059EBE147DB}"
	ProjectSection(SolutionItems) = preProject
		Documents\Responses\Author.xml = Documents\Responses\Author.xml
		Documents\Responses\Book.xml = Documents\Responses\Book.xml
		Documents\Responses\BookReviews.xml = Documents\Responses\BookReviews.xml
		Documents\Responses\BooksByAnAuthor.xml = Documents\Responses\BooksByAnAuthor.xml
		Documents\Responses\Bookshelves.xml = Documents\Responses\Bookshelves.xml
		Documents\Responses\BooksInShelf.xml = Documents\Responses\BooksInShelf.xml
		Documents\Responses\Compare.xml = Documents\Responses\Compare.xml
		Documents\Responses\Events.xml = Documents\Responses\Events.xml
		Documents\Responses\Feed.xml = Documents\Responses\Feed.xml
		Documents\Responses\Friends.xml = Documents\Responses\Friends.xml
		Documents\Responses\Group.xml = Documents\Responses\Group.xml
		Documents\Responses\GroupMembers.xml = Documents\Responses\GroupMembers.xml
		Documents\Responses\Groups.xml = Documents\Responses\Groups.xml
		Documents\Responses\Profile.xml = Documents\Responses\Profile.xml
		Documents\Responses\RecentReviews.xml = Documents\Responses\RecentReviews.xml
		Documents\Responses\RecentUserStasuses.xml = Documents\Responses\RecentUserStasuses.xml
		Documents\Responses\Review.xml = Documents\Responses\Review.xml
		Documents\Responses\Search.xml = Documents\Responses\Search.xml
		Documents\Responses\Series.xml = Documents\Responses\Series.xml
		Documents\Responses\SeriesByAuthor.xml = Documents\Responses\SeriesByAuthor.xml
		Documents\Responses\Topic.xml = Documents\Responses\Topic.xml
		Documents\Responses\Topics.xml = Documents\Responses\Topics.xml
		Documents\Responses\Userstatus.xml = Documents\Responses\Userstatus.xml
	EndProjectSection
EndProject
Project("{D954291E-2A0B-460D-934E-DC6B0785DB48}") = "Epiphany.Shared", "Source\Epiphany.Shared\Epiphany.Shared.shproj", "{1F4DA18D-ECFC-494D-BA21-83E142CB2B28}"
EndProject
Project("{FAE04EC0-301F-11D3-BF4B-00C04F79EFBC}") = "Epiphany.Windows", "Source\Epiphany.Windows\Epiphany.Windows.csproj", "{ABCD7F2C-AB38-4AE0-ADE6-8926A7E7311D}"
EndProject
Project("{FAE04EC0-301F-11D3-BF4B-00C04F79EFBC}") = "Epiphany.WindowsPhone", "Source\Epiphany.WindowsPhone\Epiphany.WindowsPhone.csproj", "{BC8D03BB-E7F3-45BD-9A15-22E7B3B849F8}"
EndProject
Project("{FAE04EC0-301F-11D3-BF4B-00C04F79EFBC}") = "Epiphany.Utilities", "Source\Epiphany.Utilities\Epiphany.Utilities.csproj", "{3DFD3B4A-996B-476B-BA5A-B354BBBA696A}"
EndProject
Global
	GlobalSection(SharedMSBuildProjectFiles) = preSolution
		Source\Epiphany.Shared\Epiphany.Shared.projitems*{abcd7f2c-ab38-4ae0-ade6-8926a7e7311d}*SharedItemsImports = 4
		Source\Epiphany.Shared\Epiphany.Shared.projitems*{1f4da18d-ecfc-494d-ba21-83e142cb2b28}*SharedItemsImports = 13
		Source\Epiphany.Shared\Epiphany.Shared.projitems*{bc8d03bb-e7f3-45bd-9a15-22e7b3b849f8}*SharedItemsImports = 4
	EndGlobalSection
	GlobalSection(SolutionConfigurationPlatforms) = preSolution
		Debug|Any CPU = Debug|Any CPU
		Debug|ARM = Debug|ARM
		Debug|Mixed Platforms = Debug|Mixed Platforms
		Debug|x64 = Debug|x64
		Debug|x86 = Debug|x86
		Release|Any CPU = Release|Any CPU
		Release|ARM = Release|ARM
		Release|Mixed Platforms = Release|Mixed Platforms
		Release|x64 = Release|x64
		Release|x86 = Release|x86
	EndGlobalSection
	GlobalSection(ProjectConfigurationPlatforms) = postSolution
		{D4EDEDD9-CCD4-43D9-821B-9731C187802E}.Debug|Any CPU.ActiveCfg = Debug|Any CPU
		{D4EDEDD9-CCD4-43D9-821B-9731C187802E}.Debug|Any CPU.Build.0 = Debug|Any CPU
		{D4EDEDD9-CCD4-43D9-821B-9731C187802E}.Debug|ARM.ActiveCfg = Debug|Any CPU
		{D4EDEDD9-CCD4-43D9-821B-9731C187802E}.Debug|Mixed Platforms.ActiveCfg = Debug|Any CPU
		{D4EDEDD9-CCD4-43D9-821B-9731C187802E}.Debug|Mixed Platforms.Build.0 = Debug|Any CPU
		{D4EDEDD9-CCD4-43D9-821B-9731C187802E}.Debug|x64.ActiveCfg = Debug|Any CPU
		{D4EDEDD9-CCD4-43D9-821B-9731C187802E}.Debug|x86.ActiveCfg = Debug|Any CPU
		{D4EDEDD9-CCD4-43D9-821B-9731C187802E}.Release|Any CPU.ActiveCfg = Release|Any CPU
		{D4EDEDD9-CCD4-43D9-821B-9731C187802E}.Release|Any CPU.Build.0 = Release|Any CPU
		{D4EDEDD9-CCD4-43D9-821B-9731C187802E}.Release|ARM.ActiveCfg = Release|Any CPU
		{D4EDEDD9-CCD4-43D9-821B-9731C187802E}.Release|Mixed Platforms.ActiveCfg = Release|Any CPU
		{D4EDEDD9-CCD4-43D9-821B-9731C187802E}.Release|Mixed Platforms.Build.0 = Release|Any CPU
		{D4EDEDD9-CCD4-43D9-821B-9731C187802E}.Release|x64.ActiveCfg = Release|Any CPU
		{D4EDEDD9-CCD4-43D9-821B-9731C187802E}.Release|x86.ActiveCfg = Release|Any CPU
		{50F37359-1DEA-47AB-9249-EA864608911C}.Debug|Any CPU.ActiveCfg = Debug|Any CPU
		{50F37359-1DEA-47AB-9249-EA864608911C}.Debug|Any CPU.Build.0 = Debug|Any CPU
		{50F37359-1DEA-47AB-9249-EA864608911C}.Debug|ARM.ActiveCfg = Debug|Any CPU
		{50F37359-1DEA-47AB-9249-EA864608911C}.Debug|Mixed Platforms.ActiveCfg = Debug|Any CPU
		{50F37359-1DEA-47AB-9249-EA864608911C}.Debug|Mixed Platforms.Build.0 = Debug|Any CPU
		{50F37359-1DEA-47AB-9249-EA864608911C}.Debug|x64.ActiveCfg = Debug|Any CPU
		{50F37359-1DEA-47AB-9249-EA864608911C}.Debug|x86.ActiveCfg = Debug|Any CPU
		{50F37359-1DEA-47AB-9249-EA864608911C}.Release|Any CPU.ActiveCfg = Release|Any CPU
		{50F37359-1DEA-47AB-9249-EA864608911C}.Release|Any CPU.Build.0 = Release|Any CPU
		{50F37359-1DEA-47AB-9249-EA864608911C}.Release|ARM.ActiveCfg = Release|Any CPU
		{50F37359-1DEA-47AB-9249-EA864608911C}.Release|Mixed Platforms.ActiveCfg = Release|Any CPU
		{50F37359-1DEA-47AB-9249-EA864608911C}.Release|Mixed Platforms.Build.0 = Release|Any CPU
		{50F37359-1DEA-47AB-9249-EA864608911C}.Release|x64.ActiveCfg = Release|Any CPU
		{50F37359-1DEA-47AB-9249-EA864608911C}.Release|x86.ActiveCfg = Release|Any CPU
		{0CBD2A4B-B8ED-466B-8E12-AD66E984467B}.Debug|Any CPU.ActiveCfg = Debug|Any CPU
		{0CBD2A4B-B8ED-466B-8E12-AD66E984467B}.Debug|Any CPU.Build.0 = Debug|Any CPU
		{0CBD2A4B-B8ED-466B-8E12-AD66E984467B}.Debug|ARM.ActiveCfg = Debug|Any CPU
		{0CBD2A4B-B8ED-466B-8E12-AD66E984467B}.Debug|Mixed Platforms.ActiveCfg = Debug|Any CPU
		{0CBD2A4B-B8ED-466B-8E12-AD66E984467B}.Debug|Mixed Platforms.Build.0 = Debug|Any CPU
		{0CBD2A4B-B8ED-466B-8E12-AD66E984467B}.Debug|x64.ActiveCfg = Debug|Any CPU
		{0CBD2A4B-B8ED-466B-8E12-AD66E984467B}.Debug|x86.ActiveCfg = Debug|Any CPU
		{0CBD2A4B-B8ED-466B-8E12-AD66E984467B}.Release|Any CPU.ActiveCfg = Release|Any CPU
		{0CBD2A4B-B8ED-466B-8E12-AD66E984467B}.Release|Any CPU.Build.0 = Release|Any CPU
		{0CBD2A4B-B8ED-466B-8E12-AD66E984467B}.Release|ARM.ActiveCfg = Release|Any CPU
		{0CBD2A4B-B8ED-466B-8E12-AD66E984467B}.Release|Mixed Platforms.ActiveCfg = Release|Any CPU
		{0CBD2A4B-B8ED-466B-8E12-AD66E984467B}.Release|Mixed Platforms.Build.0 = Release|Any CPU
		{0CBD2A4B-B8ED-466B-8E12-AD66E984467B}.Release|x64.ActiveCfg = Release|Any CPU
		{0CBD2A4B-B8ED-466B-8E12-AD66E984467B}.Release|x86.ActiveCfg = Release|Any CPU
		{CD0BBE77-540B-4921-AF5B-B16216E0D667}.Debug|Any CPU.ActiveCfg = Debug|x86
		{CD0BBE77-540B-4921-AF5B-B16216E0D667}.Debug|ARM.ActiveCfg = Debug|ARM
		{CD0BBE77-540B-4921-AF5B-B16216E0D667}.Debug|ARM.Build.0 = Debug|ARM
		{CD0BBE77-540B-4921-AF5B-B16216E0D667}.Debug|ARM.Deploy.0 = Debug|ARM
		{CD0BBE77-540B-4921-AF5B-B16216E0D667}.Debug|Mixed Platforms.ActiveCfg = Debug|x86
		{CD0BBE77-540B-4921-AF5B-B16216E0D667}.Debug|Mixed Platforms.Build.0 = Debug|x86
		{CD0BBE77-540B-4921-AF5B-B16216E0D667}.Debug|Mixed Platforms.Deploy.0 = Debug|x86
		{CD0BBE77-540B-4921-AF5B-B16216E0D667}.Debug|x64.ActiveCfg = Debug|x86
		{CD0BBE77-540B-4921-AF5B-B16216E0D667}.Debug|x86.ActiveCfg = Debug|x86
		{CD0BBE77-540B-4921-AF5B-B16216E0D667}.Debug|x86.Build.0 = Debug|x86
		{CD0BBE77-540B-4921-AF5B-B16216E0D667}.Debug|x86.Deploy.0 = Debug|x86
		{CD0BBE77-540B-4921-AF5B-B16216E0D667}.Release|Any CPU.ActiveCfg = Release|x86
		{CD0BBE77-540B-4921-AF5B-B16216E0D667}.Release|ARM.ActiveCfg = Release|ARM
		{CD0BBE77-540B-4921-AF5B-B16216E0D667}.Release|ARM.Build.0 = Release|ARM
		{CD0BBE77-540B-4921-AF5B-B16216E0D667}.Release|ARM.Deploy.0 = Release|ARM
		{CD0BBE77-540B-4921-AF5B-B16216E0D667}.Release|Mixed Platforms.ActiveCfg = Release|x86
		{CD0BBE77-540B-4921-AF5B-B16216E0D667}.Release|Mixed Platforms.Build.0 = Release|x86
		{CD0BBE77-540B-4921-AF5B-B16216E0D667}.Release|Mixed Platforms.Deploy.0 = Release|x86
		{CD0BBE77-540B-4921-AF5B-B16216E0D667}.Release|x64.ActiveCfg = Release|x86
		{CD0BBE77-540B-4921-AF5B-B16216E0D667}.Release|x86.ActiveCfg = Release|x86
		{CD0BBE77-540B-4921-AF5B-B16216E0D667}.Release|x86.Build.0 = Release|x86
		{CD0BBE77-540B-4921-AF5B-B16216E0D667}.Release|x86.Deploy.0 = Release|x86
		{8FBBCC32-FEFA-4A99-B250-CD95FC02B394}.Debug|Any CPU.ActiveCfg = Debug|x86
		{8FBBCC32-FEFA-4A99-B250-CD95FC02B394}.Debug|ARM.ActiveCfg = Debug|ARM
		{8FBBCC32-FEFA-4A99-B250-CD95FC02B394}.Debug|ARM.Build.0 = Debug|ARM
		{8FBBCC32-FEFA-4A99-B250-CD95FC02B394}.Debug|ARM.Deploy.0 = Debug|ARM
		{8FBBCC32-FEFA-4A99-B250-CD95FC02B394}.Debug|Mixed Platforms.ActiveCfg = Debug|x86
		{8FBBCC32-FEFA-4A99-B250-CD95FC02B394}.Debug|Mixed Platforms.Build.0 = Debug|x86
		{8FBBCC32-FEFA-4A99-B250-CD95FC02B394}.Debug|Mixed Platforms.Deploy.0 = Debug|x86
		{8FBBCC32-FEFA-4A99-B250-CD95FC02B394}.Debug|x64.ActiveCfg = Debug|x86
		{8FBBCC32-FEFA-4A99-B250-CD95FC02B394}.Debug|x86.ActiveCfg = Debug|x86
		{8FBBCC32-FEFA-4A99-B250-CD95FC02B394}.Debug|x86.Build.0 = Debug|x86
		{8FBBCC32-FEFA-4A99-B250-CD95FC02B394}.Debug|x86.Deploy.0 = Debug|x86
		{8FBBCC32-FEFA-4A99-B250-CD95FC02B394}.Release|Any CPU.ActiveCfg = Release|x86
		{8FBBCC32-FEFA-4A99-B250-CD95FC02B394}.Release|ARM.ActiveCfg = Release|ARM
		{8FBBCC32-FEFA-4A99-B250-CD95FC02B394}.Release|ARM.Build.0 = Release|ARM
		{8FBBCC32-FEFA-4A99-B250-CD95FC02B394}.Release|ARM.Deploy.0 = Release|ARM
		{8FBBCC32-FEFA-4A99-B250-CD95FC02B394}.Release|Mixed Platforms.ActiveCfg = Release|x86
		{8FBBCC32-FEFA-4A99-B250-CD95FC02B394}.Release|Mixed Platforms.Build.0 = Release|x86
		{8FBBCC32-FEFA-4A99-B250-CD95FC02B394}.Release|Mixed Platforms.Deploy.0 = Release|x86
		{8FBBCC32-FEFA-4A99-B250-CD95FC02B394}.Release|x64.ActiveCfg = Release|x86
		{8FBBCC32-FEFA-4A99-B250-CD95FC02B394}.Release|x86.ActiveCfg = Release|x86
		{8FBBCC32-FEFA-4A99-B250-CD95FC02B394}.Release|x86.Build.0 = Release|x86
		{8FBBCC32-FEFA-4A99-B250-CD95FC02B394}.Release|x86.Deploy.0 = Release|x86
		{ABCD7F2C-AB38-4AE0-ADE6-8926A7E7311D}.Debug|Any CPU.ActiveCfg = Debug|Any CPU
		{ABCD7F2C-AB38-4AE0-ADE6-8926A7E7311D}.Debug|Any CPU.Build.0 = Debug|Any CPU
		{ABCD7F2C-AB38-4AE0-ADE6-8926A7E7311D}.Debug|Any CPU.Deploy.0 = Debug|Any CPU
		{ABCD7F2C-AB38-4AE0-ADE6-8926A7E7311D}.Debug|ARM.ActiveCfg = Debug|ARM
		{ABCD7F2C-AB38-4AE0-ADE6-8926A7E7311D}.Debug|ARM.Build.0 = Debug|ARM
		{ABCD7F2C-AB38-4AE0-ADE6-8926A7E7311D}.Debug|ARM.Deploy.0 = Debug|ARM
		{ABCD7F2C-AB38-4AE0-ADE6-8926A7E7311D}.Debug|Mixed Platforms.ActiveCfg = Debug|x86
		{ABCD7F2C-AB38-4AE0-ADE6-8926A7E7311D}.Debug|Mixed Platforms.Build.0 = Debug|x86
		{ABCD7F2C-AB38-4AE0-ADE6-8926A7E7311D}.Debug|Mixed Platforms.Deploy.0 = Debug|x86
		{ABCD7F2C-AB38-4AE0-ADE6-8926A7E7311D}.Debug|x64.ActiveCfg = Debug|x64
		{ABCD7F2C-AB38-4AE0-ADE6-8926A7E7311D}.Debug|x64.Build.0 = Debug|x64
		{ABCD7F2C-AB38-4AE0-ADE6-8926A7E7311D}.Debug|x64.Deploy.0 = Debug|x64
		{ABCD7F2C-AB38-4AE0-ADE6-8926A7E7311D}.Debug|x86.ActiveCfg = Debug|x86
		{ABCD7F2C-AB38-4AE0-ADE6-8926A7E7311D}.Debug|x86.Build.0 = Debug|x86
		{ABCD7F2C-AB38-4AE0-ADE6-8926A7E7311D}.Debug|x86.Deploy.0 = Debug|x86
		{ABCD7F2C-AB38-4AE0-ADE6-8926A7E7311D}.Release|Any CPU.ActiveCfg = Release|Any CPU
		{ABCD7F2C-AB38-4AE0-ADE6-8926A7E7311D}.Release|Any CPU.Build.0 = Release|Any CPU
		{ABCD7F2C-AB38-4AE0-ADE6-8926A7E7311D}.Release|Any CPU.Deploy.0 = Release|Any CPU
		{ABCD7F2C-AB38-4AE0-ADE6-8926A7E7311D}.Release|ARM.ActiveCfg = Release|ARM
		{ABCD7F2C-AB38-4AE0-ADE6-8926A7E7311D}.Release|ARM.Build.0 = Release|ARM
		{ABCD7F2C-AB38-4AE0-ADE6-8926A7E7311D}.Release|ARM.Deploy.0 = Release|ARM
		{ABCD7F2C-AB38-4AE0-ADE6-8926A7E7311D}.Release|Mixed Platforms.ActiveCfg = Release|x86
		{ABCD7F2C-AB38-4AE0-ADE6-8926A7E7311D}.Release|Mixed Platforms.Build.0 = Release|x86
		{ABCD7F2C-AB38-4AE0-ADE6-8926A7E7311D}.Release|Mixed Platforms.Deploy.0 = Release|x86
		{ABCD7F2C-AB38-4AE0-ADE6-8926A7E7311D}.Release|x64.ActiveCfg = Release|x64
		{ABCD7F2C-AB38-4AE0-ADE6-8926A7E7311D}.Release|x64.Build.0 = Release|x64
		{ABCD7F2C-AB38-4AE0-ADE6-8926A7E7311D}.Release|x64.Deploy.0 = Release|x64
		{ABCD7F2C-AB38-4AE0-ADE6-8926A7E7311D}.Release|x86.ActiveCfg = Release|x86
		{ABCD7F2C-AB38-4AE0-ADE6-8926A7E7311D}.Release|x86.Build.0 = Release|x86
		{ABCD7F2C-AB38-4AE0-ADE6-8926A7E7311D}.Release|x86.Deploy.0 = Release|x86
		{BC8D03BB-E7F3-45BD-9A15-22E7B3B849F8}.Debug|Any CPU.ActiveCfg = Debug|Any CPU
		{BC8D03BB-E7F3-45BD-9A15-22E7B3B849F8}.Debug|Any CPU.Build.0 = Debug|Any CPU
		{BC8D03BB-E7F3-45BD-9A15-22E7B3B849F8}.Debug|Any CPU.Deploy.0 = Debug|Any CPU
		{BC8D03BB-E7F3-45BD-9A15-22E7B3B849F8}.Debug|ARM.ActiveCfg = Debug|ARM
		{BC8D03BB-E7F3-45BD-9A15-22E7B3B849F8}.Debug|ARM.Build.0 = Debug|ARM
		{BC8D03BB-E7F3-45BD-9A15-22E7B3B849F8}.Debug|ARM.Deploy.0 = Debug|ARM
		{BC8D03BB-E7F3-45BD-9A15-22E7B3B849F8}.Debug|Mixed Platforms.ActiveCfg = Debug|x86
		{BC8D03BB-E7F3-45BD-9A15-22E7B3B849F8}.Debug|Mixed Platforms.Build.0 = Debug|x86
		{BC8D03BB-E7F3-45BD-9A15-22E7B3B849F8}.Debug|Mixed Platforms.Deploy.0 = Debug|x86
		{BC8D03BB-E7F3-45BD-9A15-22E7B3B849F8}.Debug|x64.ActiveCfg = Debug|Any CPU
		{BC8D03BB-E7F3-45BD-9A15-22E7B3B849F8}.Debug|x86.ActiveCfg = Debug|x86
		{BC8D03BB-E7F3-45BD-9A15-22E7B3B849F8}.Debug|x86.Build.0 = Debug|x86
		{BC8D03BB-E7F3-45BD-9A15-22E7B3B849F8}.Debug|x86.Deploy.0 = Debug|x86
		{BC8D03BB-E7F3-45BD-9A15-22E7B3B849F8}.Release|Any CPU.ActiveCfg = Release|Any CPU
		{BC8D03BB-E7F3-45BD-9A15-22E7B3B849F8}.Release|Any CPU.Build.0 = Release|Any CPU
		{BC8D03BB-E7F3-45BD-9A15-22E7B3B849F8}.Release|Any CPU.Deploy.0 = Release|Any CPU
		{BC8D03BB-E7F3-45BD-9A15-22E7B3B849F8}.Release|ARM.ActiveCfg = Release|ARM
		{BC8D03BB-E7F3-45BD-9A15-22E7B3B849F8}.Release|ARM.Build.0 = Release|ARM
		{BC8D03BB-E7F3-45BD-9A15-22E7B3B849F8}.Release|ARM.Deploy.0 = Release|ARM
		{BC8D03BB-E7F3-45BD-9A15-22E7B3B849F8}.Release|Mixed Platforms.ActiveCfg = Release|x86
		{BC8D03BB-E7F3-45BD-9A15-22E7B3B849F8}.Release|Mixed Platforms.Build.0 = Release|x86
		{BC8D03BB-E7F3-45BD-9A15-22E7B3B849F8}.Release|Mixed Platforms.Deploy.0 = Release|x86
		{BC8D03BB-E7F3-45BD-9A15-22E7B3B849F8}.Release|x64.ActiveCfg = Release|Any CPU
		{BC8D03BB-E7F3-45BD-9A15-22E7B3B849F8}.Release|x86.ActiveCfg = Release|x86
		{BC8D03BB-E7F3-45BD-9A15-22E7B3B849F8}.Release|x86.Build.0 = Release|x86
		{BC8D03BB-E7F3-45BD-9A15-22E7B3B849F8}.Release|x86.Deploy.0 = Release|x86
		{3DFD3B4A-996B-476B-BA5A-B354BBBA696A}.Debug|Any CPU.ActiveCfg = Debug|Any CPU
		{3DFD3B4A-996B-476B-BA5A-B354BBBA696A}.Debug|Any CPU.Build.0 = Debug|Any CPU
		{3DFD3B4A-996B-476B-BA5A-B354BBBA696A}.Debug|ARM.ActiveCfg = Debug|Any CPU
		{3DFD3B4A-996B-476B-BA5A-B354BBBA696A}.Debug|Mixed Platforms.ActiveCfg = Debug|Any CPU
		{3DFD3B4A-996B-476B-BA5A-B354BBBA696A}.Debug|Mixed Platforms.Build.0 = Debug|Any CPU
		{3DFD3B4A-996B-476B-BA5A-B354BBBA696A}.Debug|x64.ActiveCfg = Debug|Any CPU
		{3DFD3B4A-996B-476B-BA5A-B354BBBA696A}.Debug|x86.ActiveCfg = Debug|Any CPU
		{3DFD3B4A-996B-476B-BA5A-B354BBBA696A}.Release|Any CPU.ActiveCfg = Release|Any CPU
		{3DFD3B4A-996B-476B-BA5A-B354BBBA696A}.Release|Any CPU.Build.0 = Release|Any CPU
		{3DFD3B4A-996B-476B-BA5A-B354BBBA696A}.Release|ARM.ActiveCfg = Release|Any CPU
		{3DFD3B4A-996B-476B-BA5A-B354BBBA696A}.Release|Mixed Platforms.ActiveCfg = Release|Any CPU
		{3DFD3B4A-996B-476B-BA5A-B354BBBA696A}.Release|Mixed Platforms.Build.0 = Release|Any CPU
		{3DFD3B4A-996B-476B-BA5A-B354BBBA696A}.Release|x64.ActiveCfg = Release|Any CPU
		{3DFD3B4A-996B-476B-BA5A-B354BBBA696A}.Release|x86.ActiveCfg = Release|Any CPU
	EndGlobalSection
	GlobalSection(SolutionProperties) = preSolution
		HideSolutionNode = FALSE
	EndGlobalSection
	GlobalSection(NestedProjects) = preSolution
		{D4EDEDD9-CCD4-43D9-821B-9731C187802E} = {956701B8-1F1F-455F-B6F8-287E3C0FDA0F}
		{50F37359-1DEA-47AB-9249-EA864608911C} = {956701B8-1F1F-455F-B6F8-287E3C0FDA0F}
		{0CBD2A4B-B8ED-466B-8E12-AD66E984467B} = {956701B8-1F1F-455F-B6F8-287E3C0FDA0F}
		{CD0BBE77-540B-4921-AF5B-B16216E0D667} = {6CE2928B-9007-4727-9156-419D85539F97}
		{8FBBCC32-FEFA-4A99-B250-CD95FC02B394} = {6CE2928B-9007-4727-9156-419D85539F97}
		{B3987A07-F9C2-481A-899F-9059EBE147DB} = {7AA3DD0B-91E3-448B-A4D7-0E73D0FAA1C1}
		{1F4DA18D-ECFC-494D-BA21-83E142CB2B28} = {956701B8-1F1F-455F-B6F8-287E3C0FDA0F}
		{ABCD7F2C-AB38-4AE0-ADE6-8926A7E7311D} = {956701B8-1F1F-455F-B6F8-287E3C0FDA0F}
		{BC8D03BB-E7F3-45BD-9A15-22E7B3B849F8} = {956701B8-1F1F-455F-B6F8-287E3C0FDA0F}
		{3DFD3B4A-996B-476B-BA5A-B354BBBA696A} = {956701B8-1F1F-455F-B6F8-287E3C0FDA0F}
	EndGlobalSection
EndGlobal
