
Microsoft Visual Studio Solution File, Format Version 12.00
# Visual Studio 14
VisualStudioVersion = 14.0.25420.1
MinimumVisualStudioVersion = 10.0.40219.1
Project("{FAE04EC0-301F-11D3-BF4B-00C04F79EFBC}") = "Epiphany.Model", "Source\Epiphany.Model\Epiphany.Model.csproj", "{D4EDEDD9-CCD4-43D9-821B-9731C187802E}"
EndProject
Project("{FAE04EC0-301F-11D3-BF4B-00C04F79EFBC}") = "Epiphany.ViewModel", "Source\Epiphany.ViewModel\Epiphany.ViewModel.csproj", "{50F37359-1DEA-47AB-9249-EA864608911C}"
EndProject
Project("{FAE04EC0-301F-11D3-BF4B-00C04F79EFBC}") = "Epiphany.Xml", "Source\Epiphany.Xml\Epiphany.Xml.csproj", "{0CBD2A4B-B8ED-466B-8E12-AD66E984467B}"
EndProject
Project("{2150E333-8FDC-42A3-9474-1A3956D46DE8}") = "Source", "Source", "{956701B8-1F1F-455F-B6F8-287E3C0FDA0F}"
	ProjectSection(SolutionItems) = preProject
		Source\VersionInfo.cs = Source\VersionInfo.cs
	EndProjectSection
EndProject
Project("{2150E333-8FDC-42A3-9474-1A3956D46DE8}") = "Test", "Test", "{6CE2928B-9007-4727-9156-419D85539F97}"
EndProject
Project("{2150E333-8FDC-42A3-9474-1A3956D46DE8}") = "Design", "Design", "{5D88BFCF-26B0-4D6D-9DE3-FE4A41794991}"
	ProjectSection(SolutionItems) = preProject
		Design\ApplicationIcon.design = Design\ApplicationIcon.design
		Design\EpiphanyBackground.design = Design\EpiphanyBackground.design
		Design\EpiphanyLogo.design = Design\EpiphanyLogo.design
		Design\EpiphanyLogo1000x800px.design = Design\EpiphanyLogo1000x800px.design
		Design\EpiphanyLogo110px.design = Design\EpiphanyLogo110px.design
		Design\EpiphanyLogo202px.design = Design\EpiphanyLogo202px.design
		Design\EpiphanyLogo300px.design = Design\EpiphanyLogo300px.design
		Design\EpiphanyLogo358px.design = Design\EpiphanyLogo358px.design
		Design\EpiphanyLogo358x173px.design = Design\EpiphanyLogo358x173px.design
		Design\SplashScreen.scale-100.design = Design\SplashScreen.scale-100.design
		Design\SplashScreen.scale-140.design = Design\SplashScreen.scale-140.design
		Design\SplashScreen.scale-240.design = Design\SplashScreen.scale-240.design
	EndProjectSection
EndProject
Project("{2150E333-8FDC-42A3-9474-1A3956D46DE8}") = "Documents", "Documents", "{7AA3DD0B-91E3-448B-A4D7-0E73D0FAA1C1}"
EndProject
Project("{2150E333-8FDC-42A3-9474-1A3956D46DE8}") = "Responses", "Responses", "{B3987A07-F9C2-481A-899F-9059EBE147DB}"
	ProjectSection(SolutionItems) = preProject
		Documents\Responses\Author.xml = Documents\Responses\Author.xml
		Documents\Responses\AuthUser.xml = Documents\Responses\AuthUser.xml
		Documents\Responses\Book.xml = Documents\Responses\Book.xml
		Documents\Responses\BookReviews.xml = Documents\Responses\BookReviews.xml
		Documents\Responses\BooksByAnAuthor.xml = Documents\Responses\BooksByAnAuthor.xml
		Documents\Responses\Bookshelves.xml = Documents\Responses\Bookshelves.xml
		Documents\Responses\BooksInShelf.xml = Documents\Responses\BooksInShelf.xml
		Documents\Responses\Compare.xml = Documents\Responses\Compare.xml
		Documents\Responses\Events.xml = Documents\Responses\Events.xml
		Documents\Responses\Feed.xml = Documents\Responses\Feed.xml
		Documents\Responses\Feedv3.xml = Documents\Responses\Feedv3.xml
		Documents\Responses\Friends.xml = Documents\Responses\Friends.xml
		Documents\Responses\Group.xml = Documents\Responses\Group.xml
		Documents\Responses\GroupMembers.xml = Documents\Responses\GroupMembers.xml
		Documents\Responses\Groups.xml = Documents\Responses\Groups.xml
		Documents\Responses\Notification.xml = Documents\Responses\Notification.xml
		Documents\Responses\OwnedBooks.xml = Documents\Responses\OwnedBooks.xml
		Documents\Responses\Profile.xml = Documents\Responses\Profile.xml
		Documents\Responses\RecentReviews.xml = Documents\Responses\RecentReviews.xml
		Documents\Responses\RecentUserStasuses.xml = Documents\Responses\RecentUserStasuses.xml
		Documents\Responses\Review.xml = Documents\Responses\Review.xml
		Documents\Responses\Search.xml = Documents\Responses\Search.xml
		Documents\Responses\Series.xml = Documents\Responses\Series.xml
		Documents\Responses\SeriesByAuthor.xml = Documents\Responses\SeriesByAuthor.xml
		Documents\Responses\Topic.xml = Documents\Responses\Topic.xml
		Documents\Responses\Topics.xml = Documents\Responses\Topics.xml
		Documents\Responses\Userstatus.xml = Documents\Responses\Userstatus.xml
	EndProjectSection
EndProject
Project("{FAE04EC0-301F-11D3-BF4B-00C04F79EFBC}") = "Epiphany.Universal", "Source\Epiphany.Universal\Epiphany.Universal.csproj", "{C0B7C081-CB93-45F3-943C-EA4C1FE1E45B}"
EndProject
Project("{FAE04EC0-301F-11D3-BF4B-00C04F79EFBC}") = "Epiphany.WP81", "Source\Epiphany.WP81\Epiphany.WP81.csproj", "{9F4366F4-8142-447E-A46B-6ECE7B1BD77E}"
EndProject
Project("{FAE04EC0-301F-11D3-BF4B-00C04F79EFBC}") = "Epiphany.Strings", "Source\Epiphany.Strings\Epiphany.Strings.csproj", "{879404DA-BFC5-490F-89C0-56251F88B5F5}"
EndProject
Project("{FAE04EC0-301F-11D3-BF4B-00C04F79EFBC}") = "Epiphany.View.Shared", "Source\Epiphany.View.Shared\Epiphany.View.Shared.csproj", "{128A732F-1608-4E56-A86D-911B75AE057C}"
EndProject
Project("{FAE04EC0-301F-11D3-BF4B-00C04F79EFBC}") = "Epiphany.DesignData", "Source\Epiphany.DesignData\Epiphany.DesignData.csproj", "{C48C7089-9962-4628-B96B-6BBAAAEA1E9A}"
EndProject
Project("{D954291E-2A0B-460D-934E-DC6B0785DB48}") = "Epiphany.Model.Tests", "Test\Epiphany.Model.Tests\Epiphany.Model.Tests.shproj", "{454EED7C-1754-4485-A665-11F18E64D134}"
EndProject
Project("{D954291E-2A0B-460D-934E-DC6B0785DB48}") = "Epiphany.Xml.Tests", "Test\Epiphany.Xml.Tests\Epiphany.Xml.Tests.shproj", "{5D45E4C3-F931-4EB7-B5E3-3172BDC73A9D}"
EndProject
Project("{FAE04EC0-301F-11D3-BF4B-00C04F79EFBC}") = "Epiphany.WP81.Tests", "Test\Epiphany.WP81.Tests\Epiphany.WP81.Tests.csproj", "{B9438235-F3FD-433F-8947-E11B0B6A9440}"
EndProject
Project("{FAE04EC0-301F-11D3-BF4B-00C04F79EFBC}") = "Epiphany.UWP.Tests", "Test\Epiphany.UWP.Tests\Epiphany.UWP.Tests.csproj", "{7A5007A9-9374-4106-841E-453F0CB2BE74}"
EndProject
Global
	GlobalSection(SharedMSBuildProjectFiles) = preSolution
		Test\Epiphany.Model.Tests\Epiphany.Model.Tests.projitems*{454eed7c-1754-4485-a665-11f18e64d134}*SharedItemsImports = 13
		Test\Epiphany.Xml.Tests\Epiphany.Xml.Tests.projitems*{5d45e4c3-f931-4eb7-b5e3-3172bdc73a9d}*SharedItemsImports = 13
		Test\Epiphany.Model.Tests\Epiphany.Model.Tests.projitems*{b9438235-f3fd-433f-8947-e11b0b6a9440}*SharedItemsImports = 4
		Test\Epiphany.Xml.Tests\Epiphany.Xml.Tests.projitems*{b9438235-f3fd-433f-8947-e11b0b6a9440}*SharedItemsImports = 4
	EndGlobalSection
	GlobalSection(SolutionConfigurationPlatforms) = preSolution
		Debug|Any CPU = Debug|Any CPU
		Debug|ARM = Debug|ARM
		Debug|Mixed Platforms = Debug|Mixed Platforms
		Debug|x64 = Debug|x64
		Debug|x86 = Debug|x86
		Release|Any CPU = Release|Any CPU
		Release|ARM = Release|ARM
		Release|Mixed Platforms = Release|Mixed Platforms
		Release|x64 = Release|x64
		Release|x86 = Release|x86
	EndGlobalSection
	GlobalSection(ProjectConfigurationPlatforms) = postSolution
		{D4EDEDD9-CCD4-43D9-821B-9731C187802E}.Debug|Any CPU.ActiveCfg = Debug|Any CPU
		{D4EDEDD9-CCD4-43D9-821B-9731C187802E}.Debug|Any CPU.Build.0 = Debug|Any CPU
		{D4EDEDD9-CCD4-43D9-821B-9731C187802E}.Debug|ARM.ActiveCfg = Debug|Any CPU
		{D4EDEDD9-CCD4-43D9-821B-9731C187802E}.Debug|ARM.Build.0 = Debug|Any CPU
		{D4EDEDD9-CCD4-43D9-821B-9731C187802E}.Debug|Mixed Platforms.ActiveCfg = Debug|Any CPU
		{D4EDEDD9-CCD4-43D9-821B-9731C187802E}.Debug|Mixed Platforms.Build.0 = Debug|Any CPU
		{D4EDEDD9-CCD4-43D9-821B-9731C187802E}.Debug|x64.ActiveCfg = Debug|Any CPU
		{D4EDEDD9-CCD4-43D9-821B-9731C187802E}.Debug|x64.Build.0 = Debug|Any CPU
		{D4EDEDD9-CCD4-43D9-821B-9731C187802E}.Debug|x86.ActiveCfg = Debug|Any CPU
		{D4EDEDD9-CCD4-43D9-821B-9731C187802E}.Debug|x86.Build.0 = Debug|Any CPU
		{D4EDEDD9-CCD4-43D9-821B-9731C187802E}.Release|Any CPU.ActiveCfg = Release|Any CPU
		{D4EDEDD9-CCD4-43D9-821B-9731C187802E}.Release|Any CPU.Build.0 = Release|Any CPU
		{D4EDEDD9-CCD4-43D9-821B-9731C187802E}.Release|ARM.ActiveCfg = Release|Any CPU
		{D4EDEDD9-CCD4-43D9-821B-9731C187802E}.Release|ARM.Build.0 = Release|Any CPU
		{D4EDEDD9-CCD4-43D9-821B-9731C187802E}.Release|Mixed Platforms.ActiveCfg = Release|Any CPU
		{D4EDEDD9-CCD4-43D9-821B-9731C187802E}.Release|Mixed Platforms.Build.0 = Release|Any CPU
		{D4EDEDD9-CCD4-43D9-821B-9731C187802E}.Release|x64.ActiveCfg = Release|Any CPU
		{D4EDEDD9-CCD4-43D9-821B-9731C187802E}.Release|x64.Build.0 = Release|Any CPU
		{D4EDEDD9-CCD4-43D9-821B-9731C187802E}.Release|x86.ActiveCfg = Release|Any CPU
		{D4EDEDD9-CCD4-43D9-821B-9731C187802E}.Release|x86.Build.0 = Release|Any CPU
		{50F37359-1DEA-47AB-9249-EA864608911C}.Debug|Any CPU.ActiveCfg = Debug|Any CPU
		{50F37359-1DEA-47AB-9249-EA864608911C}.Debug|Any CPU.Build.0 = Debug|Any CPU
		{50F37359-1DEA-47AB-9249-EA864608911C}.Debug|ARM.ActiveCfg = Debug|Any CPU
		{50F37359-1DEA-47AB-9249-EA864608911C}.Debug|ARM.Build.0 = Debug|Any CPU
		{50F37359-1DEA-47AB-9249-EA864608911C}.Debug|Mixed Platforms.ActiveCfg = Debug|Any CPU
		{50F37359-1DEA-47AB-9249-EA864608911C}.Debug|Mixed Platforms.Build.0 = Debug|Any CPU
		{50F37359-1DEA-47AB-9249-EA864608911C}.Debug|x64.ActiveCfg = Debug|Any CPU
		{50F37359-1DEA-47AB-9249-EA864608911C}.Debug|x64.Build.0 = Debug|Any CPU
		{50F37359-1DEA-47AB-9249-EA864608911C}.Debug|x86.ActiveCfg = Debug|Any CPU
		{50F37359-1DEA-47AB-9249-EA864608911C}.Debug|x86.Build.0 = Debug|Any CPU
		{50F37359-1DEA-47AB-9249-EA864608911C}.Release|Any CPU.ActiveCfg = Release|Any CPU
		{50F37359-1DEA-47AB-9249-EA864608911C}.Release|Any CPU.Build.0 = Release|Any CPU
		{50F37359-1DEA-47AB-9249-EA864608911C}.Release|ARM.ActiveCfg = Release|Any CPU
		{50F37359-1DEA-47AB-9249-EA864608911C}.Release|ARM.Build.0 = Release|Any CPU
		{50F37359-1DEA-47AB-9249-EA864608911C}.Release|Mixed Platforms.ActiveCfg = Release|Any CPU
		{50F37359-1DEA-47AB-9249-EA864608911C}.Release|Mixed Platforms.Build.0 = Release|Any CPU
		{50F37359-1DEA-47AB-9249-EA864608911C}.Release|x64.ActiveCfg = Release|Any CPU
		{50F37359-1DEA-47AB-9249-EA864608911C}.Release|x64.Build.0 = Release|Any CPU
		{50F37359-1DEA-47AB-9249-EA864608911C}.Release|x86.ActiveCfg = Release|Any CPU
		{50F37359-1DEA-47AB-9249-EA864608911C}.Release|x86.Build.0 = Release|Any CPU
		{0CBD2A4B-B8ED-466B-8E12-AD66E984467B}.Debug|Any CPU.ActiveCfg = Debug|Any CPU
		{0CBD2A4B-B8ED-466B-8E12-AD66E984467B}.Debug|Any CPU.Build.0 = Debug|Any CPU
		{0CBD2A4B-B8ED-466B-8E12-AD66E984467B}.Debug|ARM.ActiveCfg = Debug|Any CPU
		{0CBD2A4B-B8ED-466B-8E12-AD66E984467B}.Debug|ARM.Build.0 = Debug|Any CPU
		{0CBD2A4B-B8ED-466B-8E12-AD66E984467B}.Debug|Mixed Platforms.ActiveCfg = Debug|Any CPU
		{0CBD2A4B-B8ED-466B-8E12-AD66E984467B}.Debug|Mixed Platforms.Build.0 = Debug|Any CPU
		{0CBD2A4B-B8ED-466B-8E12-AD66E984467B}.Debug|x64.ActiveCfg = Debug|Any CPU
		{0CBD2A4B-B8ED-466B-8E12-AD66E984467B}.Debug|x64.Build.0 = Debug|Any CPU
		{0CBD2A4B-B8ED-466B-8E12-AD66E984467B}.Debug|x86.ActiveCfg = Debug|Any CPU
		{0CBD2A4B-B8ED-466B-8E12-AD66E984467B}.Debug|x86.Build.0 = Debug|Any CPU
		{0CBD2A4B-B8ED-466B-8E12-AD66E984467B}.Release|Any CPU.ActiveCfg = Release|Any CPU
		{0CBD2A4B-B8ED-466B-8E12-AD66E984467B}.Release|Any CPU.Build.0 = Release|Any CPU
		{0CBD2A4B-B8ED-466B-8E12-AD66E984467B}.Release|ARM.ActiveCfg = Release|Any CPU
		{0CBD2A4B-B8ED-466B-8E12-AD66E984467B}.Release|ARM.Build.0 = Release|Any CPU
		{0CBD2A4B-B8ED-466B-8E12-AD66E984467B}.Release|Mixed Platforms.ActiveCfg = Release|Any CPU
		{0CBD2A4B-B8ED-466B-8E12-AD66E984467B}.Release|Mixed Platforms.Build.0 = Release|Any CPU
		{0CBD2A4B-B8ED-466B-8E12-AD66E984467B}.Release|x64.ActiveCfg = Release|Any CPU
		{0CBD2A4B-B8ED-466B-8E12-AD66E984467B}.Release|x64.Build.0 = Release|Any CPU
		{0CBD2A4B-B8ED-466B-8E12-AD66E984467B}.Release|x86.ActiveCfg = Release|Any CPU
		{0CBD2A4B-B8ED-466B-8E12-AD66E984467B}.Release|x86.Build.0 = Release|Any CPU
		{C0B7C081-CB93-45F3-943C-EA4C1FE1E45B}.Debug|Any CPU.ActiveCfg = Debug|x86
		{C0B7C081-CB93-45F3-943C-EA4C1FE1E45B}.Debug|Any CPU.Build.0 = Debug|x86
		{C0B7C081-CB93-45F3-943C-EA4C1FE1E45B}.Debug|Any CPU.Deploy.0 = Debug|x86
		{C0B7C081-CB93-45F3-943C-EA4C1FE1E45B}.Debug|ARM.ActiveCfg = Debug|ARM
		{C0B7C081-CB93-45F3-943C-EA4C1FE1E45B}.Debug|ARM.Build.0 = Debug|ARM
		{C0B7C081-CB93-45F3-943C-EA4C1FE1E45B}.Debug|ARM.Deploy.0 = Debug|ARM
		{C0B7C081-CB93-45F3-943C-EA4C1FE1E45B}.Debug|Mixed Platforms.ActiveCfg = Debug|x86
		{C0B7C081-CB93-45F3-943C-EA4C1FE1E45B}.Debug|Mixed Platforms.Build.0 = Debug|x86
		{C0B7C081-CB93-45F3-943C-EA4C1FE1E45B}.Debug|Mixed Platforms.Deploy.0 = Debug|x86
		{C0B7C081-CB93-45F3-943C-EA4C1FE1E45B}.Debug|x64.ActiveCfg = Debug|x64
		{C0B7C081-CB93-45F3-943C-EA4C1FE1E45B}.Debug|x64.Build.0 = Debug|x64
		{C0B7C081-CB93-45F3-943C-EA4C1FE1E45B}.Debug|x64.Deploy.0 = Debug|x64
		{C0B7C081-CB93-45F3-943C-EA4C1FE1E45B}.Debug|x86.ActiveCfg = Debug|x86
		{C0B7C081-CB93-45F3-943C-EA4C1FE1E45B}.Debug|x86.Build.0 = Debug|x86
		{C0B7C081-CB93-45F3-943C-EA4C1FE1E45B}.Debug|x86.Deploy.0 = Debug|x86
		{C0B7C081-CB93-45F3-943C-EA4C1FE1E45B}.Release|Any CPU.ActiveCfg = Release|x86
		{C0B7C081-CB93-45F3-943C-EA4C1FE1E45B}.Release|Any CPU.Build.0 = Release|x86
		{C0B7C081-CB93-45F3-943C-EA4C1FE1E45B}.Release|Any CPU.Deploy.0 = Release|x86
		{C0B7C081-CB93-45F3-943C-EA4C1FE1E45B}.Release|ARM.ActiveCfg = Release|ARM
		{C0B7C081-CB93-45F3-943C-EA4C1FE1E45B}.Release|ARM.Build.0 = Release|ARM
		{C0B7C081-CB93-45F3-943C-EA4C1FE1E45B}.Release|ARM.Deploy.0 = Release|ARM
		{C0B7C081-CB93-45F3-943C-EA4C1FE1E45B}.Release|Mixed Platforms.ActiveCfg = Release|x86
		{C0B7C081-CB93-45F3-943C-EA4C1FE1E45B}.Release|Mixed Platforms.Build.0 = Release|x86
		{C0B7C081-CB93-45F3-943C-EA4C1FE1E45B}.Release|Mixed Platforms.Deploy.0 = Release|x86
		{C0B7C081-CB93-45F3-943C-EA4C1FE1E45B}.Release|x64.ActiveCfg = Release|x64
		{C0B7C081-CB93-45F3-943C-EA4C1FE1E45B}.Release|x64.Build.0 = Release|x64
		{C0B7C081-CB93-45F3-943C-EA4C1FE1E45B}.Release|x64.Deploy.0 = Release|x64
		{C0B7C081-CB93-45F3-943C-EA4C1FE1E45B}.Release|x86.ActiveCfg = Release|x86
		{C0B7C081-CB93-45F3-943C-EA4C1FE1E45B}.Release|x86.Build.0 = Release|x86
		{C0B7C081-CB93-45F3-943C-EA4C1FE1E45B}.Release|x86.Deploy.0 = Release|x86
		{9F4366F4-8142-447E-A46B-6ECE7B1BD77E}.Debug|Any CPU.ActiveCfg = Debug|Any CPU
		{9F4366F4-8142-447E-A46B-6ECE7B1BD77E}.Debug|Any CPU.Build.0 = Debug|Any CPU
		{9F4366F4-8142-447E-A46B-6ECE7B1BD77E}.Debug|Any CPU.Deploy.0 = Debug|Any CPU
		{9F4366F4-8142-447E-A46B-6ECE7B1BD77E}.Debug|ARM.ActiveCfg = Debug|Any CPU
		{9F4366F4-8142-447E-A46B-6ECE7B1BD77E}.Debug|ARM.Build.0 = Debug|Any CPU
		{9F4366F4-8142-447E-A46B-6ECE7B1BD77E}.Debug|ARM.Deploy.0 = Debug|Any CPU
		{9F4366F4-8142-447E-A46B-6ECE7B1BD77E}.Debug|Mixed Platforms.ActiveCfg = Debug|Any CPU
		{9F4366F4-8142-447E-A46B-6ECE7B1BD77E}.Debug|Mixed Platforms.Build.0 = Debug|Any CPU
		{9F4366F4-8142-447E-A46B-6ECE7B1BD77E}.Debug|Mixed Platforms.Deploy.0 = Debug|Any CPU
		{9F4366F4-8142-447E-A46B-6ECE7B1BD77E}.Debug|x64.ActiveCfg = Debug|Any CPU
		{9F4366F4-8142-447E-A46B-6ECE7B1BD77E}.Debug|x64.Build.0 = Debug|Any CPU
		{9F4366F4-8142-447E-A46B-6ECE7B1BD77E}.Debug|x64.Deploy.0 = Debug|Any CPU
		{9F4366F4-8142-447E-A46B-6ECE7B1BD77E}.Debug|x86.ActiveCfg = Debug|Any CPU
		{9F4366F4-8142-447E-A46B-6ECE7B1BD77E}.Debug|x86.Build.0 = Debug|Any CPU
		{9F4366F4-8142-447E-A46B-6ECE7B1BD77E}.Debug|x86.Deploy.0 = Debug|Any CPU
		{9F4366F4-8142-447E-A46B-6ECE7B1BD77E}.Release|Any CPU.ActiveCfg = Release|Any CPU
		{9F4366F4-8142-447E-A46B-6ECE7B1BD77E}.Release|Any CPU.Build.0 = Release|Any CPU
		{9F4366F4-8142-447E-A46B-6ECE7B1BD77E}.Release|Any CPU.Deploy.0 = Release|Any CPU
		{9F4366F4-8142-447E-A46B-6ECE7B1BD77E}.Release|ARM.ActiveCfg = Release|Any CPU
		{9F4366F4-8142-447E-A46B-6ECE7B1BD77E}.Release|ARM.Build.0 = Release|Any CPU
		{9F4366F4-8142-447E-A46B-6ECE7B1BD77E}.Release|ARM.Deploy.0 = Release|Any CPU
		{9F4366F4-8142-447E-A46B-6ECE7B1BD77E}.Release|Mixed Platforms.ActiveCfg = Release|Any CPU
		{9F4366F4-8142-447E-A46B-6ECE7B1BD77E}.Release|Mixed Platforms.Build.0 = Release|Any CPU
		{9F4366F4-8142-447E-A46B-6ECE7B1BD77E}.Release|Mixed Platforms.Deploy.0 = Release|Any CPU
		{9F4366F4-8142-447E-A46B-6ECE7B1BD77E}.Release|x64.ActiveCfg = Release|Any CPU
		{9F4366F4-8142-447E-A46B-6ECE7B1BD77E}.Release|x64.Build.0 = Release|Any CPU
		{9F4366F4-8142-447E-A46B-6ECE7B1BD77E}.Release|x64.Deploy.0 = Release|Any CPU
		{9F4366F4-8142-447E-A46B-6ECE7B1BD77E}.Release|x86.ActiveCfg = Release|Any CPU
		{9F4366F4-8142-447E-A46B-6ECE7B1BD77E}.Release|x86.Build.0 = Release|Any CPU
		{9F4366F4-8142-447E-A46B-6ECE7B1BD77E}.Release|x86.Deploy.0 = Release|Any CPU
		{879404DA-BFC5-490F-89C0-56251F88B5F5}.Debug|Any CPU.ActiveCfg = Debug|Any CPU
		{879404DA-BFC5-490F-89C0-56251F88B5F5}.Debug|Any CPU.Build.0 = Debug|Any CPU
		{879404DA-BFC5-490F-89C0-56251F88B5F5}.Debug|ARM.ActiveCfg = Debug|Any CPU
		{879404DA-BFC5-490F-89C0-56251F88B5F5}.Debug|ARM.Build.0 = Debug|Any CPU
		{879404DA-BFC5-490F-89C0-56251F88B5F5}.Debug|Mixed Platforms.ActiveCfg = Debug|Any CPU
		{879404DA-BFC5-490F-89C0-56251F88B5F5}.Debug|Mixed Platforms.Build.0 = Debug|Any CPU
		{879404DA-BFC5-490F-89C0-56251F88B5F5}.Debug|x64.ActiveCfg = Debug|Any CPU
		{879404DA-BFC5-490F-89C0-56251F88B5F5}.Debug|x64.Build.0 = Debug|Any CPU
		{879404DA-BFC5-490F-89C0-56251F88B5F5}.Debug|x86.ActiveCfg = Debug|Any CPU
		{879404DA-BFC5-490F-89C0-56251F88B5F5}.Debug|x86.Build.0 = Debug|Any CPU
		{879404DA-BFC5-490F-89C0-56251F88B5F5}.Release|Any CPU.ActiveCfg = Release|Any CPU
		{879404DA-BFC5-490F-89C0-56251F88B5F5}.Release|Any CPU.Build.0 = Release|Any CPU
		{879404DA-BFC5-490F-89C0-56251F88B5F5}.Release|ARM.ActiveCfg = Release|Any CPU
		{879404DA-BFC5-490F-89C0-56251F88B5F5}.Release|ARM.Build.0 = Release|Any CPU
		{879404DA-BFC5-490F-89C0-56251F88B5F5}.Release|Mixed Platforms.ActiveCfg = Release|Any CPU
		{879404DA-BFC5-490F-89C0-56251F88B5F5}.Release|Mixed Platforms.Build.0 = Release|Any CPU
		{879404DA-BFC5-490F-89C0-56251F88B5F5}.Release|x64.ActiveCfg = Release|Any CPU
		{879404DA-BFC5-490F-89C0-56251F88B5F5}.Release|x64.Build.0 = Release|Any CPU
		{879404DA-BFC5-490F-89C0-56251F88B5F5}.Release|x86.ActiveCfg = Release|Any CPU
		{879404DA-BFC5-490F-89C0-56251F88B5F5}.Release|x86.Build.0 = Release|Any CPU
		{128A732F-1608-4E56-A86D-911B75AE057C}.Debug|Any CPU.ActiveCfg = Debug|Any CPU
		{128A732F-1608-4E56-A86D-911B75AE057C}.Debug|Any CPU.Build.0 = Debug|Any CPU
		{128A732F-1608-4E56-A86D-911B75AE057C}.Debug|ARM.ActiveCfg = Debug|Any CPU
		{128A732F-1608-4E56-A86D-911B75AE057C}.Debug|ARM.Build.0 = Debug|Any CPU
		{128A732F-1608-4E56-A86D-911B75AE057C}.Debug|Mixed Platforms.ActiveCfg = Debug|Any CPU
		{128A732F-1608-4E56-A86D-911B75AE057C}.Debug|Mixed Platforms.Build.0 = Debug|Any CPU
		{128A732F-1608-4E56-A86D-911B75AE057C}.Debug|x64.ActiveCfg = Debug|Any CPU
		{128A732F-1608-4E56-A86D-911B75AE057C}.Debug|x64.Build.0 = Debug|Any CPU
		{128A732F-1608-4E56-A86D-911B75AE057C}.Debug|x86.ActiveCfg = Debug|Any CPU
		{128A732F-1608-4E56-A86D-911B75AE057C}.Debug|x86.Build.0 = Debug|Any CPU
		{128A732F-1608-4E56-A86D-911B75AE057C}.Release|Any CPU.ActiveCfg = Release|Any CPU
		{128A732F-1608-4E56-A86D-911B75AE057C}.Release|Any CPU.Build.0 = Release|Any CPU
		{128A732F-1608-4E56-A86D-911B75AE057C}.Release|ARM.ActiveCfg = Release|Any CPU
		{128A732F-1608-4E56-A86D-911B75AE057C}.Release|ARM.Build.0 = Release|Any CPU
		{128A732F-1608-4E56-A86D-911B75AE057C}.Release|Mixed Platforms.ActiveCfg = Release|Any CPU
		{128A732F-1608-4E56-A86D-911B75AE057C}.Release|Mixed Platforms.Build.0 = Release|Any CPU
		{128A732F-1608-4E56-A86D-911B75AE057C}.Release|x64.ActiveCfg = Release|Any CPU
		{128A732F-1608-4E56-A86D-911B75AE057C}.Release|x64.Build.0 = Release|Any CPU
		{128A732F-1608-4E56-A86D-911B75AE057C}.Release|x86.ActiveCfg = Release|Any CPU
		{128A732F-1608-4E56-A86D-911B75AE057C}.Release|x86.Build.0 = Release|Any CPU
		{C48C7089-9962-4628-B96B-6BBAAAEA1E9A}.Debug|Any CPU.ActiveCfg = Debug|Any CPU
		{C48C7089-9962-4628-B96B-6BBAAAEA1E9A}.Debug|Any CPU.Build.0 = Debug|Any CPU
		{C48C7089-9962-4628-B96B-6BBAAAEA1E9A}.Debug|ARM.ActiveCfg = Debug|Any CPU
		{C48C7089-9962-4628-B96B-6BBAAAEA1E9A}.Debug|ARM.Build.0 = Debug|Any CPU
		{C48C7089-9962-4628-B96B-6BBAAAEA1E9A}.Debug|Mixed Platforms.ActiveCfg = Debug|Any CPU
		{C48C7089-9962-4628-B96B-6BBAAAEA1E9A}.Debug|Mixed Platforms.Build.0 = Debug|Any CPU
		{C48C7089-9962-4628-B96B-6BBAAAEA1E9A}.Debug|x64.ActiveCfg = Debug|Any CPU
		{C48C7089-9962-4628-B96B-6BBAAAEA1E9A}.Debug|x64.Build.0 = Debug|Any CPU
		{C48C7089-9962-4628-B96B-6BBAAAEA1E9A}.Debug|x86.ActiveCfg = Debug|Any CPU
		{C48C7089-9962-4628-B96B-6BBAAAEA1E9A}.Debug|x86.Build.0 = Debug|Any CPU
		{C48C7089-9962-4628-B96B-6BBAAAEA1E9A}.Release|Any CPU.ActiveCfg = Release|Any CPU
		{C48C7089-9962-4628-B96B-6BBAAAEA1E9A}.Release|Any CPU.Build.0 = Release|Any CPU
		{C48C7089-9962-4628-B96B-6BBAAAEA1E9A}.Release|ARM.ActiveCfg = Release|Any CPU
		{C48C7089-9962-4628-B96B-6BBAAAEA1E9A}.Release|ARM.Build.0 = Release|Any CPU
		{C48C7089-9962-4628-B96B-6BBAAAEA1E9A}.Release|Mixed Platforms.ActiveCfg = Release|Any CPU
		{C48C7089-9962-4628-B96B-6BBAAAEA1E9A}.Release|Mixed Platforms.Build.0 = Release|Any CPU
		{C48C7089-9962-4628-B96B-6BBAAAEA1E9A}.Release|x64.ActiveCfg = Release|Any CPU
		{C48C7089-9962-4628-B96B-6BBAAAEA1E9A}.Release|x64.Build.0 = Release|Any CPU
		{C48C7089-9962-4628-B96B-6BBAAAEA1E9A}.Release|x86.ActiveCfg = Release|Any CPU
		{C48C7089-9962-4628-B96B-6BBAAAEA1E9A}.Release|x86.Build.0 = Release|Any CPU
		{B9438235-F3FD-433F-8947-E11B0B6A9440}.Debug|Any CPU.ActiveCfg = Debug|x86
		{B9438235-F3FD-433F-8947-E11B0B6A9440}.Debug|ARM.ActiveCfg = Debug|ARM
		{B9438235-F3FD-433F-8947-E11B0B6A9440}.Debug|ARM.Build.0 = Debug|ARM
		{B9438235-F3FD-433F-8947-E11B0B6A9440}.Debug|ARM.Deploy.0 = Debug|ARM
		{B9438235-F3FD-433F-8947-E11B0B6A9440}.Debug|Mixed Platforms.ActiveCfg = Debug|x86
		{B9438235-F3FD-433F-8947-E11B0B6A9440}.Debug|Mixed Platforms.Build.0 = Debug|x86
		{B9438235-F3FD-433F-8947-E11B0B6A9440}.Debug|Mixed Platforms.Deploy.0 = Debug|x86
		{B9438235-F3FD-433F-8947-E11B0B6A9440}.Debug|x64.ActiveCfg = Debug|x86
		{B9438235-F3FD-433F-8947-E11B0B6A9440}.Debug|x86.ActiveCfg = Debug|x86
		{B9438235-F3FD-433F-8947-E11B0B6A9440}.Debug|x86.Build.0 = Debug|x86
		{B9438235-F3FD-433F-8947-E11B0B6A9440}.Debug|x86.Deploy.0 = Debug|x86
		{B9438235-F3FD-433F-8947-E11B0B6A9440}.Release|Any CPU.ActiveCfg = Release|x86
		{B9438235-F3FD-433F-8947-E11B0B6A9440}.Release|ARM.ActiveCfg = Release|ARM
		{B9438235-F3FD-433F-8947-E11B0B6A9440}.Release|ARM.Build.0 = Release|ARM
		{B9438235-F3FD-433F-8947-E11B0B6A9440}.Release|ARM.Deploy.0 = Release|ARM
		{B9438235-F3FD-433F-8947-E11B0B6A9440}.Release|Mixed Platforms.ActiveCfg = Release|x86
		{B9438235-F3FD-433F-8947-E11B0B6A9440}.Release|Mixed Platforms.Build.0 = Release|x86
		{B9438235-F3FD-433F-8947-E11B0B6A9440}.Release|Mixed Platforms.Deploy.0 = Release|x86
		{B9438235-F3FD-433F-8947-E11B0B6A9440}.Release|x64.ActiveCfg = Release|x86
		{B9438235-F3FD-433F-8947-E11B0B6A9440}.Release|x86.ActiveCfg = Release|x86
		{B9438235-F3FD-433F-8947-E11B0B6A9440}.Release|x86.Build.0 = Release|x86
		{B9438235-F3FD-433F-8947-E11B0B6A9440}.Release|x86.Deploy.0 = Release|x86
		{7A5007A9-9374-4106-841E-453F0CB2BE74}.Debug|Any CPU.ActiveCfg = Debug|x86
		{7A5007A9-9374-4106-841E-453F0CB2BE74}.Debug|ARM.ActiveCfg = Debug|ARM
		{7A5007A9-9374-4106-841E-453F0CB2BE74}.Debug|ARM.Build.0 = Debug|ARM
		{7A5007A9-9374-4106-841E-453F0CB2BE74}.Debug|ARM.Deploy.0 = Debug|ARM
		{7A5007A9-9374-4106-841E-453F0CB2BE74}.Debug|Mixed Platforms.ActiveCfg = Debug|x86
		{7A5007A9-9374-4106-841E-453F0CB2BE74}.Debug|Mixed Platforms.Build.0 = Debug|x86
		{7A5007A9-9374-4106-841E-453F0CB2BE74}.Debug|Mixed Platforms.Deploy.0 = Debug|x86
		{7A5007A9-9374-4106-841E-453F0CB2BE74}.Debug|x64.ActiveCfg = Debug|x64
		{7A5007A9-9374-4106-841E-453F0CB2BE74}.Debug|x64.Build.0 = Debug|x64
		{7A5007A9-9374-4106-841E-453F0CB2BE74}.Debug|x64.Deploy.0 = Debug|x64
		{7A5007A9-9374-4106-841E-453F0CB2BE74}.Debug|x86.ActiveCfg = Debug|x86
		{7A5007A9-9374-4106-841E-453F0CB2BE74}.Debug|x86.Build.0 = Debug|x86
		{7A5007A9-9374-4106-841E-453F0CB2BE74}.Debug|x86.Deploy.0 = Debug|x86
		{7A5007A9-9374-4106-841E-453F0CB2BE74}.Release|Any CPU.ActiveCfg = Release|x86
		{7A5007A9-9374-4106-841E-453F0CB2BE74}.Release|ARM.ActiveCfg = Release|ARM
		{7A5007A9-9374-4106-841E-453F0CB2BE74}.Release|ARM.Build.0 = Release|ARM
		{7A5007A9-9374-4106-841E-453F0CB2BE74}.Release|ARM.Deploy.0 = Release|ARM
		{7A5007A9-9374-4106-841E-453F0CB2BE74}.Release|Mixed Platforms.ActiveCfg = Release|x86
		{7A5007A9-9374-4106-841E-453F0CB2BE74}.Release|Mixed Platforms.Build.0 = Release|x86
		{7A5007A9-9374-4106-841E-453F0CB2BE74}.Release|Mixed Platforms.Deploy.0 = Release|x86
		{7A5007A9-9374-4106-841E-453F0CB2BE74}.Release|x64.ActiveCfg = Release|x64
		{7A5007A9-9374-4106-841E-453F0CB2BE74}.Release|x64.Build.0 = Release|x64
		{7A5007A9-9374-4106-841E-453F0CB2BE74}.Release|x64.Deploy.0 = Release|x64
		{7A5007A9-9374-4106-841E-453F0CB2BE74}.Release|x86.ActiveCfg = Release|x86
		{7A5007A9-9374-4106-841E-453F0CB2BE74}.Release|x86.Build.0 = Release|x86
		{7A5007A9-9374-4106-841E-453F0CB2BE74}.Release|x86.Deploy.0 = Release|x86
	EndGlobalSection
	GlobalSection(SolutionProperties) = preSolution
		HideSolutionNode = FALSE
	EndGlobalSection
	GlobalSection(NestedProjects) = preSolution
		{D4EDEDD9-CCD4-43D9-821B-9731C187802E} = {956701B8-1F1F-455F-B6F8-287E3C0FDA0F}
		{50F37359-1DEA-47AB-9249-EA864608911C} = {956701B8-1F1F-455F-B6F8-287E3C0FDA0F}
		{0CBD2A4B-B8ED-466B-8E12-AD66E984467B} = {956701B8-1F1F-455F-B6F8-287E3C0FDA0F}
		{B3987A07-F9C2-481A-899F-9059EBE147DB} = {7AA3DD0B-91E3-448B-A4D7-0E73D0FAA1C1}
		{C0B7C081-CB93-45F3-943C-EA4C1FE1E45B} = {956701B8-1F1F-455F-B6F8-287E3C0FDA0F}
		{9F4366F4-8142-447E-A46B-6ECE7B1BD77E} = {956701B8-1F1F-455F-B6F8-287E3C0FDA0F}
		{879404DA-BFC5-490F-89C0-56251F88B5F5} = {956701B8-1F1F-455F-B6F8-287E3C0FDA0F}
		{128A732F-1608-4E56-A86D-911B75AE057C} = {956701B8-1F1F-455F-B6F8-287E3C0FDA0F}
		{C48C7089-9962-4628-B96B-6BBAAAEA1E9A} = {956701B8-1F1F-455F-B6F8-287E3C0FDA0F}
		{454EED7C-1754-4485-A665-11F18E64D134} = {6CE2928B-9007-4727-9156-419D85539F97}
		{5D45E4C3-F931-4EB7-B5E3-3172BDC73A9D} = {6CE2928B-9007-4727-9156-419D85539F97}
		{B9438235-F3FD-433F-8947-E11B0B6A9440} = {6CE2928B-9007-4727-9156-419D85539F97}
		{7A5007A9-9374-4106-841E-453F0CB2BE74} = {6CE2928B-9007-4727-9156-419D85539F97}
	EndGlobalSection
EndGlobal
